dependencies:
- name: redis-ha
  repository: https://dandydeveloper.github.io/charts/
  version: 4.33.2
- name: postgresql
  repository: oci://registry-1.docker.io/bitnamicharts
  version: 15.5.38
digest: sha256:a2c002a5ff5938dcba4226b22285f6771d0617ecbf32ad25f468827e4d29e214
generated: "2025-08-13T21:56:33.570725+03:00"
